
Microsoft Visual Studio Solution File, Format Version 12.00
# Visual Studio Version 17
VisualStudioVersion = 17.0.31903.59
MinimumVisualStudioVersion = 10.0.40219.1
Project("{FAE04EC0-301F-11D3-BF4B-00C04F79EFBC}") = "LEB2SCRAPPER", "LEB2SCRAPPER\LEB2SCRAPPER.csproj", "{906FB259-EDD8-46C2-9FAE-F0419856BB40}"
EndProject
Project("{FAE04EC0-301F-11D3-BF4B-00C04F79EFBC}") = "LEB2SCRAPPER.Entity", "LEB2SCRAPPER.Entity\LEB2SCRAPPER.Entity.csproj", "{E80B99A6-F435-4DB1-9C69-4496082F87DD}"
EndProject
Project("{FAE04EC0-301F-11D3-BF4B-00C04F79EFBC}") = "LEB2SCRAPPER.Repository", "LEB2SCRAPPER.Repository\LEB2SCRAPPER.Repository.csproj", "{512AD7E5-8410-452D-A179-900D8B4E3740}"
EndProject
Project("{FAE04EC0-301F-11D3-BF4B-00C04F79EFBC}") = "LEB2SCRAPPER.Infrastructure", "LEB2SCRAPPER.Infrastructure\LEB2SCRAPPER.Infrastructure.csproj", "{9BF1FD19-844B-4E45-A450-7E897663AD0E}"
EndProject
Project("{FAE04EC0-301F-11D3-BF4B-00C04F79EFBC}") = "LEB2SCRAPPER.Infrastructure.Contracts", "LEB2SCRAPPER.Infrastructure.Contracts\LEB2SCRAPPER.Infrastructure.Contracts.csproj", "{26D5ED7F-3ADE-4D10-AC0B-454F91338C39}"
EndProject
Project("{FAE04EC0-301F-11D3-BF4B-00C04F79EFBC}") = "LEB2SCRAPPER.Contracts", "LEB2SCRAPPER.Contracts\LEB2SCRAPPER.Contracts.csproj", "{D7BBCE1F-294D-4BE0-8D34-E8B889E905AF}"
EndProject
Project("{FAE04EC0-301F-11D3-BF4B-00C04F79EFBC}") = "LEB2SCRAPPER.Service", "LEB2SCRAPPER.Service\LEB2SCRAPPER.Service.csproj", "{66B6A3EA-2FF6-4029-95A1-927E382A6C63}"
EndProject
Project("{FAE04EC0-301F-11D3-BF4B-00C04F79EFBC}") = "LEB2SCRAPPER.Service.Contracts", "LEB2SCRAPPER.Service.Contracts\LEB2SCRAPPER.Service.Contracts.csproj", "{E15BE661-CC4C-447B-9C02-961CF14D5D24}"
EndProject
Project("{FAE04EC0-301F-11D3-BF4B-00C04F79EFBC}") = "LEB2SCRAPPER.Presentation", "LEB2SCRAPPER.Presentation\LEB2SCRAPPER.Presentation.csproj", "{E15179B2-312A-45C1-85A8-4E56376DF6B6}"
EndProject
Project("{FAE04EC0-301F-11D3-BF4B-00C04F79EFBC}") = "LEB2SCRAPPER.Tests", "LEB2SCRAPPER.Tests\LEB2SCRAPPER.Tests.csproj", "{2F96A380-7B66-4CD0-A361-243AC747AEBB}"
EndProject
Global
	GlobalSection(SolutionConfigurationPlatforms) = preSolution
		Debug|Any CPU = Debug|Any CPU
		Debug|x64 = Debug|x64
		Debug|x86 = Debug|x86
		Release|Any CPU = Release|Any CPU
		Release|x64 = Release|x64
		Release|x86 = Release|x86
	EndGlobalSection
	GlobalSection(ProjectConfigurationPlatforms) = postSolution
		{906FB259-EDD8-46C2-9FAE-F0419856BB40}.Debug|Any CPU.ActiveCfg = Debug|Any CPU
		{906FB259-EDD8-46C2-9FAE-F0419856BB40}.Debug|Any CPU.Build.0 = Debug|Any CPU
		{906FB259-EDD8-46C2-9FAE-F0419856BB40}.Debug|x64.ActiveCfg = Debug|Any CPU
		{906FB259-EDD8-46C2-9FAE-F0419856BB40}.Debug|x64.Build.0 = Debug|Any CPU
		{906FB259-EDD8-46C2-9FAE-F0419856BB40}.Debug|x86.ActiveCfg = Debug|Any CPU
		{906FB259-EDD8-46C2-9FAE-F0419856BB40}.Debug|x86.Build.0 = Debug|Any CPU
		{906FB259-EDD8-46C2-9FAE-F0419856BB40}.Release|Any CPU.ActiveCfg = Release|Any CPU
		{906FB259-EDD8-46C2-9FAE-F0419856BB40}.Release|Any CPU.Build.0 = Release|Any CPU
		{906FB259-EDD8-46C2-9FAE-F0419856BB40}.Release|x64.ActiveCfg = Release|Any CPU
		{906FB259-EDD8-46C2-9FAE-F0419856BB40}.Release|x64.Build.0 = Release|Any CPU
		{906FB259-EDD8-46C2-9FAE-F0419856BB40}.Release|x86.ActiveCfg = Release|Any CPU
		{906FB259-EDD8-46C2-9FAE-F0419856BB40}.Release|x86.Build.0 = Release|Any CPU
		{E80B99A6-F435-4DB1-9C69-4496082F87DD}.Debug|Any CPU.ActiveCfg = Debug|Any CPU
		{E80B99A6-F435-4DB1-9C69-4496082F87DD}.Debug|Any CPU.Build.0 = Debug|Any CPU
		{E80B99A6-F435-4DB1-9C69-4496082F87DD}.Debug|x64.ActiveCfg = Debug|Any CPU
		{E80B99A6-F435-4DB1-9C69-4496082F87DD}.Debug|x64.Build.0 = Debug|Any CPU
		{E80B99A6-F435-4DB1-9C69-4496082F87DD}.Debug|x86.ActiveCfg = Debug|Any CPU
		{E80B99A6-F435-4DB1-9C69-4496082F87DD}.Debug|x86.Build.0 = Debug|Any CPU
		{E80B99A6-F435-4DB1-9C69-4496082F87DD}.Release|Any CPU.ActiveCfg = Release|Any CPU
		{E80B99A6-F435-4DB1-9C69-4496082F87DD}.Release|Any CPU.Build.0 = Release|Any CPU
		{E80B99A6-F435-4DB1-9C69-4496082F87DD}.Release|x64.ActiveCfg = Release|Any CPU
		{E80B99A6-F435-4DB1-9C69-4496082F87DD}.Release|x64.Build.0 = Release|Any CPU
		{E80B99A6-F435-4DB1-9C69-4496082F87DD}.Release|x86.ActiveCfg = Release|Any CPU
		{E80B99A6-F435-4DB1-9C69-4496082F87DD}.Release|x86.Build.0 = Release|Any CPU
		{512AD7E5-8410-452D-A179-900D8B4E3740}.Debug|Any CPU.ActiveCfg = Debug|Any CPU
		{512AD7E5-8410-452D-A179-900D8B4E3740}.Debug|Any CPU.Build.0 = Debug|Any CPU
		{512AD7E5-8410-452D-A179-900D8B4E3740}.Debug|x64.ActiveCfg = Debug|Any CPU
		{512AD7E5-8410-452D-A179-900D8B4E3740}.Debug|x64.Build.0 = Debug|Any CPU
		{512AD7E5-8410-452D-A179-900D8B4E3740}.Debug|x86.ActiveCfg = Debug|Any CPU
		{512AD7E5-8410-452D-A179-900D8B4E3740}.Debug|x86.Build.0 = Debug|Any CPU
		{512AD7E5-8410-452D-A179-900D8B4E3740}.Release|Any CPU.ActiveCfg = Release|Any CPU
		{512AD7E5-8410-452D-A179-900D8B4E3740}.Release|Any CPU.Build.0 = Release|Any CPU
		{512AD7E5-8410-452D-A179-900D8B4E3740}.Release|x64.ActiveCfg = Release|Any CPU
		{512AD7E5-8410-452D-A179-900D8B4E3740}.Release|x64.Build.0 = Release|Any CPU
		{512AD7E5-8410-452D-A179-900D8B4E3740}.Release|x86.ActiveCfg = Release|Any CPU
		{512AD7E5-8410-452D-A179-900D8B4E3740}.Release|x86.Build.0 = Release|Any CPU
		{9BF1FD19-844B-4E45-A450-7E897663AD0E}.Debug|Any CPU.ActiveCfg = Debug|Any CPU
		{9BF1FD19-844B-4E45-A450-7E897663AD0E}.Debug|Any CPU.Build.0 = Debug|Any CPU
		{9BF1FD19-844B-4E45-A450-7E897663AD0E}.Debug|x64.ActiveCfg = Debug|Any CPU
		{9BF1FD19-844B-4E45-A450-7E897663AD0E}.Debug|x64.Build.0 = Debug|Any CPU
		{9BF1FD19-844B-4E45-A450-7E897663AD0E}.Debug|x86.ActiveCfg = Debug|Any CPU
		{9BF1FD19-844B-4E45-A450-7E897663AD0E}.Debug|x86.Build.0 = Debug|Any CPU
		{9BF1FD19-844B-4E45-A450-7E897663AD0E}.Release|Any CPU.ActiveCfg = Release|Any CPU
		{9BF1FD19-844B-4E45-A450-7E897663AD0E}.Release|Any CPU.Build.0 = Release|Any CPU
		{9BF1FD19-844B-4E45-A450-7E897663AD0E}.Release|x64.ActiveCfg = Release|Any CPU
		{9BF1FD19-844B-4E45-A450-7E897663AD0E}.Release|x64.Build.0 = Release|Any CPU
		{9BF1FD19-844B-4E45-A450-7E897663AD0E}.Release|x86.ActiveCfg = Release|Any CPU
		{9BF1FD19-844B-4E45-A450-7E897663AD0E}.Release|x86.Build.0 = Release|Any CPU
		{26D5ED7F-3ADE-4D10-AC0B-454F91338C39}.Debug|Any CPU.ActiveCfg = Debug|Any CPU
		{26D5ED7F-3ADE-4D10-AC0B-454F91338C39}.Debug|Any CPU.Build.0 = Debug|Any CPU
		{26D5ED7F-3ADE-4D10-AC0B-454F91338C39}.Debug|x64.ActiveCfg = Debug|Any CPU
		{26D5ED7F-3ADE-4D10-AC0B-454F91338C39}.Debug|x64.Build.0 = Debug|Any CPU
		{26D5ED7F-3ADE-4D10-AC0B-454F91338C39}.Debug|x86.ActiveCfg = Debug|Any CPU
		{26D5ED7F-3ADE-4D10-AC0B-454F91338C39}.Debug|x86.Build.0 = Debug|Any CPU
		{26D5ED7F-3ADE-4D10-AC0B-454F91338C39}.Release|Any CPU.ActiveCfg = Release|Any CPU
		{26D5ED7F-3ADE-4D10-AC0B-454F91338C39}.Release|Any CPU.Build.0 = Release|Any CPU
		{26D5ED7F-3ADE-4D10-AC0B-454F91338C39}.Release|x64.ActiveCfg = Release|Any CPU
		{26D5ED7F-3ADE-4D10-AC0B-454F91338C39}.Release|x64.Build.0 = Release|Any CPU
		{26D5ED7F-3ADE-4D10-AC0B-454F91338C39}.Release|x86.ActiveCfg = Release|Any CPU
		{26D5ED7F-3ADE-4D10-AC0B-454F91338C39}.Release|x86.Build.0 = Release|Any CPU
		{D7BBCE1F-294D-4BE0-8D34-E8B889E905AF}.Debug|Any CPU.ActiveCfg = Debug|Any CPU
		{D7BBCE1F-294D-4BE0-8D34-E8B889E905AF}.Debug|Any CPU.Build.0 = Debug|Any CPU
		{D7BBCE1F-294D-4BE0-8D34-E8B889E905AF}.Debug|x64.ActiveCfg = Debug|Any CPU
		{D7BBCE1F-294D-4BE0-8D34-E8B889E905AF}.Debug|x64.Build.0 = Debug|Any CPU
		{D7BBCE1F-294D-4BE0-8D34-E8B889E905AF}.Debug|x86.ActiveCfg = Debug|Any CPU
		{D7BBCE1F-294D-4BE0-8D34-E8B889E905AF}.Debug|x86.Build.0 = Debug|Any CPU
		{D7BBCE1F-294D-4BE0-8D34-E8B889E905AF}.Release|Any CPU.ActiveCfg = Release|Any CPU
		{D7BBCE1F-294D-4BE0-8D34-E8B889E905AF}.Release|Any CPU.Build.0 = Release|Any CPU
		{D7BBCE1F-294D-4BE0-8D34-E8B889E905AF}.Release|x64.ActiveCfg = Release|Any CPU
		{D7BBCE1F-294D-4BE0-8D34-E8B889E905AF}.Release|x64.Build.0 = Release|Any CPU
		{D7BBCE1F-294D-4BE0-8D34-E8B889E905AF}.Release|x86.ActiveCfg = Release|Any CPU
		{D7BBCE1F-294D-4BE0-8D34-E8B889E905AF}.Release|x86.Build.0 = Release|Any CPU
		{66B6A3EA-2FF6-4029-95A1-927E382A6C63}.Debug|Any CPU.ActiveCfg = Debug|Any CPU
		{66B6A3EA-2FF6-4029-95A1-927E382A6C63}.Debug|Any CPU.Build.0 = Debug|Any CPU
		{66B6A3EA-2FF6-4029-95A1-927E382A6C63}.Debug|x64.ActiveCfg = Debug|Any CPU
		{66B6A3EA-2FF6-4029-95A1-927E382A6C63}.Debug|x64.Build.0 = Debug|Any CPU
		{66B6A3EA-2FF6-4029-95A1-927E382A6C63}.Debug|x86.ActiveCfg = Debug|Any CPU
		{66B6A3EA-2FF6-4029-95A1-927E382A6C63}.Debug|x86.Build.0 = Debug|Any CPU
		{66B6A3EA-2FF6-4029-95A1-927E382A6C63}.Release|Any CPU.ActiveCfg = Release|Any CPU
		{66B6A3EA-2FF6-4029-95A1-927E382A6C63}.Release|Any CPU.Build.0 = Release|Any CPU
		{66B6A3EA-2FF6-4029-95A1-927E382A6C63}.Release|x64.ActiveCfg = Release|Any CPU
		{66B6A3EA-2FF6-4029-95A1-927E382A6C63}.Release|x64.Build.0 = Release|Any CPU
		{66B6A3EA-2FF6-4029-95A1-927E382A6C63}.Release|x86.ActiveCfg = Release|Any CPU
		{66B6A3EA-2FF6-4029-95A1-927E382A6C63}.Release|x86.Build.0 = Release|Any CPU
		{E15BE661-CC4C-447B-9C02-961CF14D5D24}.Debug|Any CPU.ActiveCfg = Debug|Any CPU
		{E15BE661-CC4C-447B-9C02-961CF14D5D24}.Debug|Any CPU.Build.0 = Debug|Any CPU
		{E15BE661-CC4C-447B-9C02-961CF14D5D24}.Debug|x64.ActiveCfg = Debug|Any CPU
		{E15BE661-CC4C-447B-9C02-961CF14D5D24}.Debug|x64.Build.0 = Debug|Any CPU
		{E15BE661-CC4C-447B-9C02-961CF14D5D24}.Debug|x86.ActiveCfg = Debug|Any CPU
		{E15BE661-CC4C-447B-9C02-961CF14D5D24}.Debug|x86.Build.0 = Debug|Any CPU
		{E15BE661-CC4C-447B-9C02-961CF14D5D24}.Release|Any CPU.ActiveCfg = Release|Any CPU
		{E15BE661-CC4C-447B-9C02-961CF14D5D24}.Release|Any CPU.Build.0 = Release|Any CPU
		{E15BE661-CC4C-447B-9C02-961CF14D5D24}.Release|x64.ActiveCfg = Release|Any CPU
		{E15BE661-CC4C-447B-9C02-961CF14D5D24}.Release|x64.Build.0 = Release|Any CPU
		{E15BE661-CC4C-447B-9C02-961CF14D5D24}.Release|x86.ActiveCfg = Release|Any CPU
		{E15BE661-CC4C-447B-9C02-961CF14D5D24}.Release|x86.Build.0 = Release|Any CPU
		{E15179B2-312A-45C1-85A8-4E56376DF6B6}.Debug|Any CPU.ActiveCfg = Debug|Any CPU
		{E15179B2-312A-45C1-85A8-4E56376DF6B6}.Debug|Any CPU.Build.0 = Debug|Any CPU
		{E15179B2-312A-45C1-85A8-4E56376DF6B6}.Debug|x64.ActiveCfg = Debug|Any CPU
		{E15179B2-312A-45C1-85A8-4E56376DF6B6}.Debug|x64.Build.0 = Debug|Any CPU
		{E15179B2-312A-45C1-85A8-4E56376DF6B6}.Debug|x86.ActiveCfg = Debug|Any CPU
		{E15179B2-312A-45C1-85A8-4E56376DF6B6}.Debug|x86.Build.0 = Debug|Any CPU
		{E15179B2-312A-45C1-85A8-4E56376DF6B6}.Release|Any CPU.ActiveCfg = Release|Any CPU
		{E15179B2-312A-45C1-85A8-4E56376DF6B6}.Release|Any CPU.Build.0 = Release|Any CPU
		{E15179B2-312A-45C1-85A8-4E56376DF6B6}.Release|x64.ActiveCfg = Release|Any CPU
		{E15179B2-312A-45C1-85A8-4E56376DF6B6}.Release|x64.Build.0 = Release|Any CPU
		{E15179B2-312A-45C1-85A8-4E56376DF6B6}.Release|x86.ActiveCfg = Release|Any CPU
		{E15179B2-312A-45C1-85A8-4E56376DF6B6}.Release|x86.Build.0 = Release|Any CPU
		{2F96A380-7B66-4CD0-A361-243AC747AEBB}.Debug|Any CPU.ActiveCfg = Debug|Any CPU
		{2F96A380-7B66-4CD0-A361-243AC747AEBB}.Debug|Any CPU.Build.0 = Debug|Any CPU
		{2F96A380-7B66-4CD0-A361-243AC747AEBB}.Debug|x64.ActiveCfg = Debug|Any CPU
		{2F96A380-7B66-4CD0-A361-243AC747AEBB}.Debug|x64.Build.0 = Debug|Any CPU
		{2F96A380-7B66-4CD0-A361-243AC747AEBB}.Debug|x86.ActiveCfg = Debug|Any CPU
		{2F96A380-7B66-4CD0-A361-243AC747AEBB}.Debug|x86.Build.0 = Debug|Any CPU
		{2F96A380-7B66-4CD0-A361-243AC747AEBB}.Release|Any CPU.ActiveCfg = Release|Any CPU
		{2F96A380-7B66-4CD0-A361-243AC747AEBB}.Release|Any CPU.Build.0 = Release|Any CPU
		{2F96A380-7B66-4CD0-A361-243AC747AEBB}.Release|x64.ActiveCfg = Release|Any CPU
		{2F96A380-7B66-4CD0-A361-243AC747AEBB}.Release|x64.Build.0 = Release|Any CPU
		{2F96A380-7B66-4CD0-A361-243AC747AEBB}.Release|x86.ActiveCfg = Release|Any CPU
		{2F96A380-7B66-4CD0-A361-243AC747AEBB}.Release|x86.Build.0 = Release|Any CPU
	EndGlobalSection
	GlobalSection(SolutionProperties) = preSolution
		HideSolutionNode = FALSE
	EndGlobalSection
EndGlobal
